{
  "pins" : [
    {
      "identity" : "highlighterswift",
      "kind" : "remoteSourceControl",
      "location" : "https://github.com/smittytone/HighlighterSwift.git",
      "state" : {
        "revision" : "e34d2c37bed61b80f694e1c53407a7abf1c8795f",
        "version" : "3.0.1"
      }
    }
  ],
  "version" : 2
}
